
Microsoft Visual Studio Solution File, Format Version 12.00
# Visual Studio Version 17
VisualStudioVersion = 17.9.34728.123
MinimumVisualStudioVersion = 10.0.40219.1
Project("{9A19103F-16F7-4668-BE54-9A1E7A4F7556}") = "Shorokoo", "src\Shorokoo\Shorokoo.csproj", "{E27A6584-D1E0-4EED-B8EC-17195C653625}"
EndProject
Project("{FAE04EC0-301F-11D3-BF4B-00C04F79EFBC}") = "Shorokoo.CodeGen", "src\Shorokoo.CodeGen\Shorokoo.CodeGen.csproj", "{908F8EC9-11F2-4B38-BB95-62DD48605A13}"
EndProject
Project("{9A19103F-16F7-4668-BE54-9A1E7A4F7556}") = "Shorokoo.Tests", "tests\Shorokoo.Tests\Shorokoo.Tests.csproj", "{D4E5F6A7-B8C9-0123-DEF0-234567890123}"
EndProject
Project("{FAE04EC0-301F-11D3-BF4B-00C04F79EFBC}") = "RetinaNet", "samples\RetinaNet\RetinaNet.csproj", "{B8D1FB0B-E80A-4178-9295-9CD53AFDE601}"
EndProject
Project("{2150E333-8FDC-42A3-9474-1A3956D46DE8}") = "src", "src", "{827E0CD3-B72D-47B6-A68D-7590B98EB39B}"
EndProject
Project("{2150E333-8FDC-42A3-9474-1A3956D46DE8}") = "tests", "tests", "{0AB3BF05-4346-4AA6-1389-037BE0695223}"
EndProject
Project("{2150E333-8FDC-42A3-9474-1A3956D46DE8}") = "samples", "samples", "{5D20AA90-6969-D8BD-9DCD-8634F4692FDA}"
EndProject
Project("{2150E333-8FDC-42A3-9474-1A3956D46DE8}") = "Solution Items", "Solution Items", "{02EA681E-C7D8-13C7-8484-4AC65E1B71E8}"
	ProjectSection(SolutionItems) = preProject
		.editorconfig = .editorconfig
	EndProjectSection
EndProject
Project("{FAE04EC0-301F-11D3-BF4B-00C04F79EFBC}") = "Shorokoo.OnnxRuntime", "src\Backend\OnnxRuntime\Shorokoo.OnnxRuntime\Shorokoo.OnnxRuntime.csproj", "{2FCBC0D0-D64B-4B8E-8712-8A6FD9AFC2B2}"
EndProject
Project("{FAE04EC0-301F-11D3-BF4B-00C04F79EFBC}") = "Shorokoo.WinCPU", "src\Backend\OnnxRuntime\Shorokoo.WinCPU\Shorokoo.WinCPU.csproj", "{55630CDE-4BAB-4D5F-9F8A-5D8997EF565F}"
EndProject
Project("{FAE04EC0-301F-11D3-BF4B-00C04F79EFBC}") = "Shorokoo.WinGPU", "src\Backend\OnnxRuntime\Shorokoo.WinGPU\Shorokoo.WinGPU.csproj", "{EFF43E10-7C4C-44F7-B18D-1104E16A0D98}"
EndProject
Project("{FAE04EC0-301F-11D3-BF4B-00C04F79EFBC}") = "Shorokoo.LinuxCPU", "src\Backend\OnnxRuntime\Shorokoo.LinuxCPU\Shorokoo.LinuxCPU.csproj", "{AC931E91-02B6-456C-87CD-160142209560}"
EndProject
Project("{FAE04EC0-301F-11D3-BF4B-00C04F79EFBC}") = "Shorokoo.LinuxGPU", "src\Backend\OnnxRuntime\Shorokoo.LinuxGPU\Shorokoo.LinuxGPU.csproj", "{539518FC-450E-42D1-A518-7FA01359AC06}"
EndProject
Project("{2150E333-8FDC-42A3-9474-1A3956D46DE8}") = "Backend", "Backend", "{9F0374A6-953C-4F38-B7A9-A5A22A848823}"
EndProject
Project("{2150E333-8FDC-42A3-9474-1A3956D46DE8}") = "OnnxRuntime", "OnnxRuntime", "{532AFF65-00DD-41B8-8674-0463AB26B713}"
EndProject
Project("{FAE04EC0-301F-11D3-BF4B-00C04F79EFBC}") = "Shorokoo.Modules", "src\Shorokoo.Modules\Shorokoo.Modules.csproj", "{1B950B02-7AF1-4930-AB26-4C6379C58F06}"
EndProject
Project("{FAE04EC0-301F-11D3-BF4B-00C04F79EFBC}") = "Shorokoo.Meta", "src\Shorokoo.Meta\Shorokoo.Meta.csproj", "{B9A2EFF6-406C-4A90-A996-862126B066BD}"
EndProject
Global
	GlobalSection(SolutionConfigurationPlatforms) = preSolution
		Debug|Any CPU = Debug|Any CPU
		Debug|x64 = Debug|x64
		Debug|x86 = Debug|x86
		Release|Any CPU = Release|Any CPU
		Release|x64 = Release|x64
		Release|x86 = Release|x86
	EndGlobalSection
	GlobalSection(ProjectConfigurationPlatforms) = postSolution
		{E27A6584-D1E0-4EED-B8EC-17195C653625}.Debug|Any CPU.ActiveCfg = Debug|Any CPU
		{E27A6584-D1E0-4EED-B8EC-17195C653625}.Debug|Any CPU.Build.0 = Debug|Any CPU
		{E27A6584-D1E0-4EED-B8EC-17195C653625}.Debug|x64.ActiveCfg = Debug|Any CPU
		{E27A6584-D1E0-4EED-B8EC-17195C653625}.Debug|x64.Build.0 = Debug|Any CPU
		{E27A6584-D1E0-4EED-B8EC-17195C653625}.Debug|x86.ActiveCfg = Debug|Any CPU
		{E27A6584-D1E0-4EED-B8EC-17195C653625}.Debug|x86.Build.0 = Debug|Any CPU
		{E27A6584-D1E0-4EED-B8EC-17195C653625}.Release|Any CPU.ActiveCfg = Release|Any CPU
		{E27A6584-D1E0-4EED-B8EC-17195C653625}.Release|Any CPU.Build.0 = Release|Any CPU
		{E27A6584-D1E0-4EED-B8EC-17195C653625}.Release|x64.ActiveCfg = Release|Any CPU
		{E27A6584-D1E0-4EED-B8EC-17195C653625}.Release|x64.Build.0 = Release|Any CPU
		{E27A6584-D1E0-4EED-B8EC-17195C653625}.Release|x86.ActiveCfg = Release|Any CPU
		{E27A6584-D1E0-4EED-B8EC-17195C653625}.Release|x86.Build.0 = Release|Any CPU
		{908F8EC9-11F2-4B38-BB95-62DD48605A13}.Debug|Any CPU.ActiveCfg = Debug|Any CPU
		{908F8EC9-11F2-4B38-BB95-62DD48605A13}.Debug|Any CPU.Build.0 = Debug|Any CPU
		{908F8EC9-11F2-4B38-BB95-62DD48605A13}.Debug|x64.ActiveCfg = Debug|Any CPU
		{908F8EC9-11F2-4B38-BB95-62DD48605A13}.Debug|x64.Build.0 = Debug|Any CPU
		{908F8EC9-11F2-4B38-BB95-62DD48605A13}.Debug|x86.ActiveCfg = Debug|Any CPU
		{908F8EC9-11F2-4B38-BB95-62DD48605A13}.Debug|x86.Build.0 = Debug|Any CPU
		{908F8EC9-11F2-4B38-BB95-62DD48605A13}.Release|Any CPU.ActiveCfg = Release|Any CPU
		{908F8EC9-11F2-4B38-BB95-62DD48605A13}.Release|Any CPU.Build.0 = Release|Any CPU
		{908F8EC9-11F2-4B38-BB95-62DD48605A13}.Release|x64.ActiveCfg = Release|Any CPU
		{908F8EC9-11F2-4B38-BB95-62DD48605A13}.Release|x64.Build.0 = Release|Any CPU
		{908F8EC9-11F2-4B38-BB95-62DD48605A13}.Release|x86.ActiveCfg = Release|Any CPU
		{908F8EC9-11F2-4B38-BB95-62DD48605A13}.Release|x86.Build.0 = Release|Any CPU
		{D4E5F6A7-B8C9-0123-DEF0-234567890123}.Debug|Any CPU.ActiveCfg = Debug|Any CPU
		{D4E5F6A7-B8C9-0123-DEF0-234567890123}.Debug|Any CPU.Build.0 = Debug|Any CPU
		{D4E5F6A7-B8C9-0123-DEF0-234567890123}.Debug|x64.ActiveCfg = Debug|Any CPU
		{D4E5F6A7-B8C9-0123-DEF0-234567890123}.Debug|x64.Build.0 = Debug|Any CPU
		{D4E5F6A7-B8C9-0123-DEF0-234567890123}.Debug|x86.ActiveCfg = Debug|Any CPU
		{D4E5F6A7-B8C9-0123-DEF0-234567890123}.Debug|x86.Build.0 = Debug|Any CPU
		{D4E5F6A7-B8C9-0123-DEF0-234567890123}.Release|Any CPU.ActiveCfg = Release|Any CPU
		{D4E5F6A7-B8C9-0123-DEF0-234567890123}.Release|Any CPU.Build.0 = Release|Any CPU
		{D4E5F6A7-B8C9-0123-DEF0-234567890123}.Release|x64.ActiveCfg = Release|Any CPU
		{D4E5F6A7-B8C9-0123-DEF0-234567890123}.Release|x64.Build.0 = Release|Any CPU
		{D4E5F6A7-B8C9-0123-DEF0-234567890123}.Release|x86.ActiveCfg = Release|Any CPU
		{D4E5F6A7-B8C9-0123-DEF0-234567890123}.Release|x86.Build.0 = Release|Any CPU
		{B8D1FB0B-E80A-4178-9295-9CD53AFDE601}.Debug|Any CPU.ActiveCfg = Debug|Any CPU
		{B8D1FB0B-E80A-4178-9295-9CD53AFDE601}.Debug|Any CPU.Build.0 = Debug|Any CPU
		{B8D1FB0B-E80A-4178-9295-9CD53AFDE601}.Debug|x64.ActiveCfg = Debug|Any CPU
		{B8D1FB0B-E80A-4178-9295-9CD53AFDE601}.Debug|x64.Build.0 = Debug|Any CPU
		{B8D1FB0B-E80A-4178-9295-9CD53AFDE601}.Debug|x86.ActiveCfg = Debug|Any CPU
		{B8D1FB0B-E80A-4178-9295-9CD53AFDE601}.Debug|x86.Build.0 = Debug|Any CPU
		{B8D1FB0B-E80A-4178-9295-9CD53AFDE601}.Release|Any CPU.ActiveCfg = Release|Any CPU
		{B8D1FB0B-E80A-4178-9295-9CD53AFDE601}.Release|Any CPU.Build.0 = Release|Any CPU
		{B8D1FB0B-E80A-4178-9295-9CD53AFDE601}.Release|x64.ActiveCfg = Release|Any CPU
		{B8D1FB0B-E80A-4178-9295-9CD53AFDE601}.Release|x64.Build.0 = Release|Any CPU
		{B8D1FB0B-E80A-4178-9295-9CD53AFDE601}.Release|x86.ActiveCfg = Release|Any CPU
		{B8D1FB0B-E80A-4178-9295-9CD53AFDE601}.Release|x86.Build.0 = Release|Any CPU
		{2FCBC0D0-D64B-4B8E-8712-8A6FD9AFC2B2}.Debug|Any CPU.ActiveCfg = Debug|Any CPU
		{2FCBC0D0-D64B-4B8E-8712-8A6FD9AFC2B2}.Debug|Any CPU.Build.0 = Debug|Any CPU
		{2FCBC0D0-D64B-4B8E-8712-8A6FD9AFC2B2}.Debug|x64.ActiveCfg = Debug|Any CPU
		{2FCBC0D0-D64B-4B8E-8712-8A6FD9AFC2B2}.Debug|x64.Build.0 = Debug|Any CPU
		{2FCBC0D0-D64B-4B8E-8712-8A6FD9AFC2B2}.Debug|x86.ActiveCfg = Debug|Any CPU
		{2FCBC0D0-D64B-4B8E-8712-8A6FD9AFC2B2}.Debug|x86.Build.0 = Debug|Any CPU
		{2FCBC0D0-D64B-4B8E-8712-8A6FD9AFC2B2}.Release|Any CPU.ActiveCfg = Release|Any CPU
		{2FCBC0D0-D64B-4B8E-8712-8A6FD9AFC2B2}.Release|Any CPU.Build.0 = Release|Any CPU
		{2FCBC0D0-D64B-4B8E-8712-8A6FD9AFC2B2}.Release|x64.ActiveCfg = Release|Any CPU
		{2FCBC0D0-D64B-4B8E-8712-8A6FD9AFC2B2}.Release|x64.Build.0 = Release|Any CPU
		{2FCBC0D0-D64B-4B8E-8712-8A6FD9AFC2B2}.Release|x86.ActiveCfg = Release|Any CPU
		{2FCBC0D0-D64B-4B8E-8712-8A6FD9AFC2B2}.Release|x86.Build.0 = Release|Any CPU
		{55630CDE-4BAB-4D5F-9F8A-5D8997EF565F}.Debug|Any CPU.ActiveCfg = Debug|Any CPU
		{55630CDE-4BAB-4D5F-9F8A-5D8997EF565F}.Debug|Any CPU.Build.0 = Debug|Any CPU
		{55630CDE-4BAB-4D5F-9F8A-5D8997EF565F}.Debug|x64.ActiveCfg = Debug|Any CPU
		{55630CDE-4BAB-4D5F-9F8A-5D8997EF565F}.Debug|x64.Build.0 = Debug|Any CPU
		{55630CDE-4BAB-4D5F-9F8A-5D8997EF565F}.Debug|x86.ActiveCfg = Debug|Any CPU
		{55630CDE-4BAB-4D5F-9F8A-5D8997EF565F}.Debug|x86.Build.0 = Debug|Any CPU
		{55630CDE-4BAB-4D5F-9F8A-5D8997EF565F}.Release|Any CPU.ActiveCfg = Release|Any CPU
		{55630CDE-4BAB-4D5F-9F8A-5D8997EF565F}.Release|Any CPU.Build.0 = Release|Any CPU
		{55630CDE-4BAB-4D5F-9F8A-5D8997EF565F}.Release|x64.ActiveCfg = Release|Any CPU
		{55630CDE-4BAB-4D5F-9F8A-5D8997EF565F}.Release|x64.Build.0 = Release|Any CPU
		{55630CDE-4BAB-4D5F-9F8A-5D8997EF565F}.Release|x86.ActiveCfg = Release|Any CPU
		{55630CDE-4BAB-4D5F-9F8A-5D8997EF565F}.Release|x86.Build.0 = Release|Any CPU
		{EFF43E10-7C4C-44F7-B18D-1104E16A0D98}.Debug|Any CPU.ActiveCfg = Debug|Any CPU
		{EFF43E10-7C4C-44F7-B18D-1104E16A0D98}.Debug|Any CPU.Build.0 = Debug|Any CPU
		{EFF43E10-7C4C-44F7-B18D-1104E16A0D98}.Debug|x64.ActiveCfg = Debug|Any CPU
		{EFF43E10-7C4C-44F7-B18D-1104E16A0D98}.Debug|x64.Build.0 = Debug|Any CPU
		{EFF43E10-7C4C-44F7-B18D-1104E16A0D98}.Debug|x86.ActiveCfg = Debug|Any CPU
		{EFF43E10-7C4C-44F7-B18D-1104E16A0D98}.Debug|x86.Build.0 = Debug|Any CPU
		{EFF43E10-7C4C-44F7-B18D-1104E16A0D98}.Release|Any CPU.ActiveCfg = Release|Any CPU
		{EFF43E10-7C4C-44F7-B18D-1104E16A0D98}.Release|Any CPU.Build.0 = Release|Any CPU
		{EFF43E10-7C4C-44F7-B18D-1104E16A0D98}.Release|x64.ActiveCfg = Release|Any CPU
		{EFF43E10-7C4C-44F7-B18D-1104E16A0D98}.Release|x64.Build.0 = Release|Any CPU
		{EFF43E10-7C4C-44F7-B18D-1104E16A0D98}.Release|x86.ActiveCfg = Release|Any CPU
		{EFF43E10-7C4C-44F7-B18D-1104E16A0D98}.Release|x86.Build.0 = Release|Any CPU
		{AC931E91-02B6-456C-87CD-160142209560}.Debug|Any CPU.ActiveCfg = Debug|Any CPU
		{AC931E91-02B6-456C-87CD-160142209560}.Debug|Any CPU.Build.0 = Debug|Any CPU
		{AC931E91-02B6-456C-87CD-160142209560}.Debug|x64.ActiveCfg = Debug|Any CPU
		{AC931E91-02B6-456C-87CD-160142209560}.Debug|x64.Build.0 = Debug|Any CPU
		{AC931E91-02B6-456C-87CD-160142209560}.Debug|x86.ActiveCfg = Debug|Any CPU
		{AC931E91-02B6-456C-87CD-160142209560}.Debug|x86.Build.0 = Debug|Any CPU
		{AC931E91-02B6-456C-87CD-160142209560}.Release|Any CPU.ActiveCfg = Release|Any CPU
		{AC931E91-02B6-456C-87CD-160142209560}.Release|Any CPU.Build.0 = Release|Any CPU
		{AC931E91-02B6-456C-87CD-160142209560}.Release|x64.ActiveCfg = Release|Any CPU
		{AC931E91-02B6-456C-87CD-160142209560}.Release|x64.Build.0 = Release|Any CPU
		{AC931E91-02B6-456C-87CD-160142209560}.Release|x86.ActiveCfg = Release|Any CPU
		{AC931E91-02B6-456C-87CD-160142209560}.Release|x86.Build.0 = Release|Any CPU
		{539518FC-450E-42D1-A518-7FA01359AC06}.Debug|Any CPU.ActiveCfg = Debug|Any CPU
		{539518FC-450E-42D1-A518-7FA01359AC06}.Debug|Any CPU.Build.0 = Debug|Any CPU
		{539518FC-450E-42D1-A518-7FA01359AC06}.Debug|x64.ActiveCfg = Debug|Any CPU
		{539518FC-450E-42D1-A518-7FA01359AC06}.Debug|x64.Build.0 = Debug|Any CPU
		{539518FC-450E-42D1-A518-7FA01359AC06}.Debug|x86.ActiveCfg = Debug|Any CPU
		{539518FC-450E-42D1-A518-7FA01359AC06}.Debug|x86.Build.0 = Debug|Any CPU
		{539518FC-450E-42D1-A518-7FA01359AC06}.Release|Any CPU.ActiveCfg = Release|Any CPU
		{539518FC-450E-42D1-A518-7FA01359AC06}.Release|Any CPU.Build.0 = Release|Any CPU
		{539518FC-450E-42D1-A518-7FA01359AC06}.Release|x64.ActiveCfg = Release|Any CPU
		{539518FC-450E-42D1-A518-7FA01359AC06}.Release|x64.Build.0 = Release|Any CPU
		{539518FC-450E-42D1-A518-7FA01359AC06}.Release|x86.ActiveCfg = Release|Any CPU
		{539518FC-450E-42D1-A518-7FA01359AC06}.Release|x86.Build.0 = Release|Any CPU
		{1B950B02-7AF1-4930-AB26-4C6379C58F06}.Debug|Any CPU.ActiveCfg = Debug|Any CPU
		{1B950B02-7AF1-4930-AB26-4C6379C58F06}.Debug|Any CPU.Build.0 = Debug|Any CPU
		{1B950B02-7AF1-4930-AB26-4C6379C58F06}.Debug|x64.ActiveCfg = Debug|Any CPU
		{1B950B02-7AF1-4930-AB26-4C6379C58F06}.Debug|x64.Build.0 = Debug|Any CPU
		{1B950B02-7AF1-4930-AB26-4C6379C58F06}.Debug|x86.ActiveCfg = Debug|Any CPU
		{1B950B02-7AF1-4930-AB26-4C6379C58F06}.Debug|x86.Build.0 = Debug|Any CPU
		{1B950B02-7AF1-4930-AB26-4C6379C58F06}.Release|Any CPU.ActiveCfg = Release|Any CPU
		{1B950B02-7AF1-4930-AB26-4C6379C58F06}.Release|Any CPU.Build.0 = Release|Any CPU
		{1B950B02-7AF1-4930-AB26-4C6379C58F06}.Release|x64.ActiveCfg = Release|Any CPU
		{1B950B02-7AF1-4930-AB26-4C6379C58F06}.Release|x64.Build.0 = Release|Any CPU
		{1B950B02-7AF1-4930-AB26-4C6379C58F06}.Release|x86.ActiveCfg = Release|Any CPU
		{1B950B02-7AF1-4930-AB26-4C6379C58F06}.Release|x86.Build.0 = Release|Any CPU
		{B9A2EFF6-406C-4A90-A996-862126B066BD}.Debug|Any CPU.ActiveCfg = Debug|Any CPU
		{B9A2EFF6-406C-4A90-A996-862126B066BD}.Debug|Any CPU.Build.0 = Debug|Any CPU
		{B9A2EFF6-406C-4A90-A996-862126B066BD}.Debug|x64.ActiveCfg = Debug|Any CPU
		{B9A2EFF6-406C-4A90-A996-862126B066BD}.Debug|x64.Build.0 = Debug|Any CPU
		{B9A2EFF6-406C-4A90-A996-862126B066BD}.Debug|x86.ActiveCfg = Debug|Any CPU
		{B9A2EFF6-406C-4A90-A996-862126B066BD}.Debug|x86.Build.0 = Debug|Any CPU
		{B9A2EFF6-406C-4A90-A996-862126B066BD}.Release|Any CPU.ActiveCfg = Release|Any CPU
		{B9A2EFF6-406C-4A90-A996-862126B066BD}.Release|Any CPU.Build.0 = Release|Any CPU
		{B9A2EFF6-406C-4A90-A996-862126B066BD}.Release|x64.ActiveCfg = Release|Any CPU
		{B9A2EFF6-406C-4A90-A996-862126B066BD}.Release|x64.Build.0 = Release|Any CPU
		{B9A2EFF6-406C-4A90-A996-862126B066BD}.Release|x86.ActiveCfg = Release|Any CPU
		{B9A2EFF6-406C-4A90-A996-862126B066BD}.Release|x86.Build.0 = Release|Any CPU
	EndGlobalSection
	GlobalSection(SolutionProperties) = preSolution
		HideSolutionNode = FALSE
	EndGlobalSection
	GlobalSection(NestedProjects) = preSolution
		{E27A6584-D1E0-4EED-B8EC-17195C653625} = {827E0CD3-B72D-47B6-A68D-7590B98EB39B}
		{908F8EC9-11F2-4B38-BB95-62DD48605A13} = {827E0CD3-B72D-47B6-A68D-7590B98EB39B}
		{D4E5F6A7-B8C9-0123-DEF0-234567890123} = {0AB3BF05-4346-4AA6-1389-037BE0695223}
		{2FCBC0D0-D64B-4B8E-8712-8A6FD9AFC2B2} = {532AFF65-00DD-41B8-8674-0463AB26B713}
		{55630CDE-4BAB-4D5F-9F8A-5D8997EF565F} = {532AFF65-00DD-41B8-8674-0463AB26B713}
		{EFF43E10-7C4C-44F7-B18D-1104E16A0D98} = {532AFF65-00DD-41B8-8674-0463AB26B713}
		{AC931E91-02B6-456C-87CD-160142209560} = {532AFF65-00DD-41B8-8674-0463AB26B713}
		{539518FC-450E-42D1-A518-7FA01359AC06} = {532AFF65-00DD-41B8-8674-0463AB26B713}
		{9F0374A6-953C-4F38-B7A9-A5A22A848823} = {827E0CD3-B72D-47B6-A68D-7590B98EB39B}
		{532AFF65-00DD-41B8-8674-0463AB26B713} = {9F0374A6-953C-4F38-B7A9-A5A22A848823}
		{1B950B02-7AF1-4930-AB26-4C6379C58F06} = {827E0CD3-B72D-47B6-A68D-7590B98EB39B}
		{B9A2EFF6-406C-4A90-A996-862126B066BD} = {827E0CD3-B72D-47B6-A68D-7590B98EB39B}
	EndGlobalSection
	GlobalSection(ExtensibilityGlobals) = postSolution
		SolutionGuid = {3186E656-2F8A-44E6-90B9-DC8ACED3D134}
	EndGlobalSection
EndGlobal
